
Microsoft Visual Studio Solution File, Format Version 11.00
# Visual Studio 2010
Project("{FAE04EC0-301F-11D3-BF4B-00C04F79EFBC}") = "Assembly-CSharp", "Assembly-CSharp.csproj", "{51552ce3-97b0-b1d8-e8ef-637651d312e6}"
EndProject
Project("{FAE04EC0-301F-11D3-BF4B-00C04F79EFBC}") = "Assembly-CSharp-Editor", "Assembly-CSharp-Editor.csproj", "{9cf68d5a-705a-85e6-dc84-1edaa26e3b82}"
EndProject
Global
	GlobalSection(SolutionConfigurationPlatforms) = preSolution
		Debug|Any CPU = Debug|Any CPU
	EndGlobalSection
	GlobalSection(ProjectConfigurationPlatforms) = postSolution
		{51552ce3-97b0-b1d8-e8ef-637651d312e6}.Debug|Any CPU.ActiveCfg = Debug|Any CPU
		{51552ce3-97b0-b1d8-e8ef-637651d312e6}.Debug|Any CPU.Build.0 = Debug|Any CPU
		{9cf68d5a-705a-85e6-dc84-1edaa26e3b82}.Debug|Any CPU.ActiveCfg = Debug|Any CPU
		{9cf68d5a-705a-85e6-dc84-1edaa26e3b82}.Debug|Any CPU.Build.0 = Debug|Any CPU
	EndGlobalSection
	GlobalSection(SolutionProperties) = preSolution
		HideSolutionNode = FALSE
	EndGlobalSection
EndGlobal
